
Microsoft Visual Studio Solution File, Format Version 12.00
# Visual Studio 2013
VisualStudioVersion = 12.0.21005.1
MinimumVisualStudioVersion = 10.0.40219.1
Project("{FAE04EC0-301F-11D3-BF4B-00C04F79EFBC}") = "DataModel", "DataModel\DataModel.csproj", "{62CA0FB2-F567-4A23-8838-7198B411A81B}"
EndProject
Project("{FAE04EC0-301F-11D3-BF4B-00C04F79EFBC}") = "ExpenseApp", "ExpenseApp\ExpenseApp.csproj", "{FF1BDC7C-2917-47F3-BF94-049B022FC4F9}"
EndProject
Global
	GlobalSection(SolutionConfigurationPlatforms) = preSolution
		Debug|Any CPU = Debug|Any CPU
		Release|Any CPU = Release|Any CPU
	EndGlobalSection
	GlobalSection(ProjectConfigurationPlatforms) = postSolution
		{62CA0FB2-F567-4A23-8838-7198B411A81B}.Debug|Any CPU.ActiveCfg = Debug|Any CPU
		{62CA0FB2-F567-4A23-8838-7198B411A81B}.Debug|Any CPU.Build.0 = Debug|Any CPU
		{62CA0FB2-F567-4A23-8838-7198B411A81B}.Release|Any CPU.ActiveCfg = Release|Any CPU
		{62CA0FB2-F567-4A23-8838-7198B411A81B}.Release|Any CPU.Build.0 = Release|Any CPU
		{FF1BDC7C-2917-47F3-BF94-049B022FC4F9}.Debug|Any CPU.ActiveCfg = Debug|Any CPU
		{FF1BDC7C-2917-47F3-BF94-049B022FC4F9}.Debug|Any CPU.Build.0 = Debug|Any CPU
		{FF1BDC7C-2917-47F3-BF94-049B022FC4F9}.Release|Any CPU.ActiveCfg = Release|Any CPU
		{FF1BDC7C-2917-47F3-BF94-049B022FC4F9}.Release|Any CPU.Build.0 = Release|Any CPU
	EndGlobalSection
	GlobalSection(SolutionProperties) = preSolution
		HideSolutionNode = FALSE
	EndGlobalSection
EndGlobal
